<?xml version="1.0" encoding="utf-8"?>
<Project ToolsVersion="4.0" xmlns="http://schemas.microsoft.com/developer/msbuild/2003">
  <ItemGroup>
    <Filter Include="include">
      <UniqueIdentifier>{4cb6b751-03b8-42d4-afb1-f2daa7bbcaf7}</UniqueIdentifier>
    </Filter>
    <Filter Include="src">
      <UniqueIdentifier>{8933d1ad-15e1-4b9b-b8f4-4ec212b6b187}</UniqueIdentifier>
    </Filter>
    <Filter Include="include\engine">
      <UniqueIdentifier>{becb0dae-d754-4496-bdc5-8fcd05fb1382}</UniqueIdentifier>
    </Filter>
    <Filter Include="include\engine\definition">
      <UniqueIdentifier>{beb1aef2-61b4-488c-a744-b8f054d43b8a}</UniqueIdentifier>
    </Filter>
    <Filter Include="include\engine\core">
      <UniqueIdentifier>{fcbc1f98-5f8a-41d6-9c97-d633dafbd8b8}</UniqueIdentifier>
    </Filter>
    <Filter Include="src\window">
      <UniqueIdentifier>{589c15b3-7f9a-4a6b-bfa3-044dc4b340b1}</UniqueIdentifier>
    </Filter>
    <Filter Include="include\engine\window">
      <UniqueIdentifier>{c2df96fd-2f74-40fe-9a4a-131f1391779f}</UniqueIdentifier>
    </Filter>
    <Filter Include="src\platform">
      <UniqueIdentifier>{8cfdd041-5cf5-423e-8086-c3272c4c26d9}</UniqueIdentifier>
    </Filter>
    <Filter Include="include\engine\render">
      <UniqueIdentifier>{aca50172-4332-4f4e-b3f5-9bd0bc8c4bb7}</UniqueIdentifier>
    </Filter>
    <Filter Include="src\render">
      <UniqueIdentifier>{d22ccc3b-d219-4799-8838-adca54c8f2ba}</UniqueIdentifier>
    </Filter>
    <Filter Include="src\render\opengl">
      <UniqueIdentifier>{22732362-8ce9-4c45-9a2e-db1a59c20228}</UniqueIdentifier>
    </Filter>
    <Filter Include="src\render\vulkan">
      <UniqueIdentifier>{af26a983-ec63-4928-8e6b-8ffd731ddad6}</UniqueIdentifier>
    </Filter>
    <Filter Include="src\render\shadercompiler">
      <UniqueIdentifier>{e9d355d0-157d-4f47-999f-ac9a75a25b93}</UniqueIdentifier>
    </Filter>
  </ItemGroup>
  <ItemGroup>
    <ClCompile Include="..\src\StdAfx.cpp">
      <Filter>src</Filter>
    </ClCompile>
    <ClCompile Include="..\src\Module.cpp">
      <Filter>src</Filter>
    </ClCompile>
    <ClCompile Include="..\src\GameModule.cpp">
      <Filter>src</Filter>
    </ClCompile>
    <ClCompile Include="..\src\window\WindowWindows.cpp">
      <Filter>src\window</Filter>
    </ClCompile>
    <ClCompile Include="..\src\Main.cpp">
      <Filter>src</Filter>
    </ClCompile>
    <ClCompile Include="..\src\window\WindowWindowsOpenGL.cpp">
      <Filter>src\window</Filter>
    </ClCompile>
    <ClCompile Include="..\src\render\Renderer.cpp">
      <Filter>src\render</Filter>
    </ClCompile>
    <ClCompile Include="..\src\render\opengl\RendererOpenGL.cpp">
      <Filter>src\render\opengl</Filter>
    </ClCompile>
    <ClCompile Include="..\src\render\RenderClient.cpp">
      <Filter>src\render</Filter>
    </ClCompile>
    <ClCompile Include="..\..\external\glew-simple\glew.c">
      <Filter>src\platform</Filter>
    </ClCompile>
    <ClCompile Include="..\src\window\WindowWindowsVulkan.cpp">
      <Filter>src\window</Filter>
    </ClCompile>
    <ClCompile Include="..\src\render\Resource.cpp">
      <Filter>src\render</Filter>
    </ClCompile>
    <ClCompile Include="..\src\render\Material.cpp">
      <Filter>src\render</Filter>
    </ClCompile>
    <ClCompile Include="..\src\render\Mesh.cpp">
      <Filter>src\render</Filter>
    </ClCompile>
    <ClCompile Include="..\src\render\opengl\GPUResourceMaterialOpenGL.cpp">
      <Filter>src\render\opengl</Filter>
    </ClCompile>
    <ClCompile Include="..\src\render\opengl\GPUResourceMeshOpenGL.cpp">
      <Filter>src\render\opengl</Filter>
    </ClCompile>
    <ClCompile Include="..\src\render\vulkan\RendererVulkan.cpp">
      <Filter>src\render\vulkan</Filter>
    </ClCompile>
    <ClCompile Include="..\src\render\shadercompiler\SpirVCompiler.cpp">
      <Filter>src\render\shadercompiler</Filter>
    </ClCompile>
  </ItemGroup>
  <ItemGroup>
    <ClInclude Include="..\src\StdAfx.h">
      <Filter>src</Filter>
    </ClInclude>
    <ClInclude Include="..\include\engine\Module.h">
      <Filter>include\engine</Filter>
    </ClInclude>
    <ClInclude Include="..\include\engine\GameModule.h">
      <Filter>include\engine</Filter>
    </ClInclude>
    <ClInclude Include="..\include\engine\EngineStdAfx.h">
      <Filter>include\engine</Filter>
    </ClInclude>
    <ClInclude Include="..\include\engine\definition\Field.hpp">
      <Filter>include\engine\definition</Filter>
    </ClInclude>
    <ClInclude Include="..\include\engine\core\string_literal.h">
      <Filter>include\engine\core</Filter>
    </ClInclude>
    <ClInclude Include="..\include\engine\definition\Definition.hpp">
      <Filter>include\engine\definition</Filter>
    </ClInclude>
    <ClInclude Include="..\include\engine\definition\Definitionbase.hpp">
      <Filter>include\engine\definition</Filter>
    </ClInclude>
    <ClInclude Include="..\include\engine\window\Window.h">
      <Filter>include\engine\window</Filter>
    </ClInclude>
    <ClInclude Include="..\src\window\WindowWindows.h">
      <Filter>src\window</Filter>
    </ClInclude>
    <ClInclude Include="..\src\window\WindowWindowsOpenGL.h">
      <Filter>src\window</Filter>
    </ClInclude>
    <ClInclude Include="..\src\render\opengl\RendererOpenGL.h">
      <Filter>src\render\opengl</Filter>
    </ClInclude>
    <ClInclude Include="..\include\engine\render\Renderer.h">
      <Filter>include\engine\render</Filter>
    </ClInclude>
    <ClInclude Include="..\src\EngineDefs.h">
      <Filter>src</Filter>
    </ClInclude>
    <ClInclude Include="..\include\engine\render\RenderClient.h">
      <Filter>include\engine\render</Filter>
    </ClInclude>
    <ClInclude Include="..\src\window\WindowWindowsVulkan.h">
      <Filter>src\window</Filter>
    </ClInclude>
    <ClInclude Include="..\include\engine\render\Material.h">
      <Filter>include\engine\render</Filter>
    </ClInclude>
    <ClInclude Include="..\include\engine\render\Mesh.h">
      <Filter>include\engine\render</Filter>
    </ClInclude>
    <ClInclude Include="..\include\engine\render\Resource.h">
      <Filter>include\engine\render</Filter>
    </ClInclude>
    <ClInclude Include="..\src\render\GPUResource.h">
      <Filter>src\render</Filter>
    </ClInclude>
    <ClInclude Include="..\src\render\opengl\GPUResourceMeshOpenGL.h">
      <Filter>src\render\opengl</Filter>
    </ClInclude>
    <ClInclude Include="..\src\render\opengl\GPUResourceOpenGL.h">
      <Filter>src\render\opengl</Filter>
    </ClInclude>
    <ClInclude Include="..\src\render\opengl\GPUResourceMaterialOpenGL.h">
      <Filter>src\render\opengl</Filter>
    </ClInclude>
    <ClInclude Include="..\src\render\opengl\OpenGLResult.h">
      <Filter>src\render\opengl</Filter>
    </ClInclude>
    <ClInclude Include="..\src\render\vulkan\RendererVulkan.h">
      <Filter>src\render\vulkan</Filter>
    </ClInclude>
    <ClInclude Include="..\src\render\shadercompiler\SpirVCompiler.h">
      <Filter>src\render\shadercompiler</Filter>
    </ClInclude>
  </ItemGroup>
</Project>